
Microsoft Visual Studio Solution File, Format Version 12.00
# Visual Studio Version 17
VisualStudioVersion = 17.5.33414.496
MinimumVisualStudioVersion = 10.0.40219.1
Project("{9A19103F-16F7-4668-BE54-9A1E7A4F7556}") = "Ui", "Ui\Ui.csproj", "{D0C07870-4DD5-4362-B15A-FECB2C29A74E}"
EndProject
Project("{9A19103F-16F7-4668-BE54-9A1E7A4F7556}") = "DAL", "DAL\DAL.csproj", "{792FF2FC-5C73-44E9-9296-CD2F8C013974}"
EndProject
Project("{9A19103F-16F7-4668-BE54-9A1E7A4F7556}") = "Entities", "Entities\Entities.csproj", "{6DB9AE93-4028-4EC6-8E34-C8B59DEA535F}"
EndProject
Project("{9A19103F-16F7-4668-BE54-9A1E7A4F7556}") = "README", "README\README.csproj", "{96B2771C-5764-4845-AF1E-C0A31162940D}"
EndProject
Global
	GlobalSection(SolutionConfigurationPlatforms) = preSolution
		Debug|Any CPU = Debug|Any CPU
		Release|Any CPU = Release|Any CPU
	EndGlobalSection
	GlobalSection(ProjectConfigurationPlatforms) = postSolution
		{D0C07870-4DD5-4362-B15A-FECB2C29A74E}.Debug|Any CPU.ActiveCfg = Debug|Any CPU
		{D0C07870-4DD5-4362-B15A-FECB2C29A74E}.Debug|Any CPU.Build.0 = Debug|Any CPU
		{D0C07870-4DD5-4362-B15A-FECB2C29A74E}.Release|Any CPU.ActiveCfg = Release|Any CPU
		{D0C07870-4DD5-4362-B15A-FECB2C29A74E}.Release|Any CPU.Build.0 = Release|Any CPU
		{792FF2FC-5C73-44E9-9296-CD2F8C013974}.Debug|Any CPU.ActiveCfg = Debug|Any CPU
		{792FF2FC-5C73-44E9-9296-CD2F8C013974}.Debug|Any CPU.Build.0 = Debug|Any CPU
		{792FF2FC-5C73-44E9-9296-CD2F8C013974}.Release|Any CPU.ActiveCfg = Release|Any CPU
		{792FF2FC-5C73-44E9-9296-CD2F8C013974}.Release|Any CPU.Build.0 = Release|Any CPU
		{6DB9AE93-4028-4EC6-8E34-C8B59DEA535F}.Debug|Any CPU.ActiveCfg = Debug|Any CPU
		{6DB9AE93-4028-4EC6-8E34-C8B59DEA535F}.Debug|Any CPU.Build.0 = Debug|Any CPU
		{6DB9AE93-4028-4EC6-8E34-C8B59DEA535F}.Release|Any CPU.ActiveCfg = Release|Any CPU
		{6DB9AE93-4028-4EC6-8E34-C8B59DEA535F}.Release|Any CPU.Build.0 = Release|Any CPU
		{96B2771C-5764-4845-AF1E-C0A31162940D}.Debug|Any CPU.ActiveCfg = Debug|Any CPU
		{96B2771C-5764-4845-AF1E-C0A31162940D}.Debug|Any CPU.Build.0 = Debug|Any CPU
		{96B2771C-5764-4845-AF1E-C0A31162940D}.Release|Any CPU.ActiveCfg = Release|Any CPU
		{96B2771C-5764-4845-AF1E-C0A31162940D}.Release|Any CPU.Build.0 = Release|Any CPU
	EndGlobalSection
	GlobalSection(SolutionProperties) = preSolution
		HideSolutionNode = FALSE
	EndGlobalSection
	GlobalSection(ExtensibilityGlobals) = postSolution
		SolutionGuid = {E35FF1D2-A250-43E0-ABE6-CCC1FE1323B5}
	EndGlobalSection
EndGlobal
